
Microsoft Visual Studio Solution File, Format Version 12.00
# Visual Studio Version 17
VisualStudioVersion = 17.9.34701.34
MinimumVisualStudioVersion = 10.0.40219.1
Project("{FAE04EC0-301F-11D3-BF4B-00C04F79EFBC}") = "BookstoreAPI", "BookstoreAPI.csproj", "{F6645261-83D2-4DCE-9882-5CE3175067EB}"
EndProject
Global
	GlobalSection(SolutionConfigurationPlatforms) = preSolution
		Debug|Any CPU = Debug|Any CPU
		Release|Any CPU = Release|Any CPU
	EndGlobalSection
	GlobalSection(ProjectConfigurationPlatforms) = postSolution
		{F6645261-83D2-4DCE-9882-5CE3175067EB}.Debug|Any CPU.ActiveCfg = Debug|Any CPU
		{F6645261-83D2-4DCE-9882-5CE3175067EB}.Debug|Any CPU.Build.0 = Debug|Any CPU
		{F6645261-83D2-4DCE-9882-5CE3175067EB}.Release|Any CPU.ActiveCfg = Release|Any CPU
		{F6645261-83D2-4DCE-9882-5CE3175067EB}.Release|Any CPU.Build.0 = Release|Any CPU
	EndGlobalSection
	GlobalSection(SolutionProperties) = preSolution
		HideSolutionNode = FALSE
	EndGlobalSection
	GlobalSection(ExtensibilityGlobals) = postSolution
		SolutionGuid = {6587F55A-C482-49D0-91BC-5D6585972085}
	EndGlobalSection
EndGlobal
